
Microsoft Visual Studio Solution File, Format Version 11.00
# Visual Studio 2010
Project("{8BC9CEB8-8B4A-11D0-8D11-00A0C91BC942}") = "DirectX11Base", "DX11BaseFramework.vcxproj", "{BD50277A-039B-4763-8F4B-3F40EA0B0757}"
EndProject
Global
	GlobalSection(SolutionConfigurationPlatforms) = preSolution
		Debug|Win32 = Debug|Win32
		Release|Win32 = Release|Win32
	EndGlobalSection
	GlobalSection(ProjectConfigurationPlatforms) = postSolution
		{BD50277A-039B-4763-8F4B-3F40EA0B0757}.Debug|Win32.ActiveCfg = Debug|Win32
		{BD50277A-039B-4763-8F4B-3F40EA0B0757}.Debug|Win32.Build.0 = Debug|Win32
		{BD50277A-039B-4763-8F4B-3F40EA0B0757}.Release|Win32.ActiveCfg = Release|Win32
		{BD50277A-039B-4763-8F4B-3F40EA0B0757}.Release|Win32.Build.0 = Release|Win32
	EndGlobalSection
	GlobalSection(SolutionProperties) = preSolution
		HideSolutionNode = FALSE
	EndGlobalSection
EndGlobal
